// !$*UTF8*$!
{
	archiveVersion = 1;
	classes = {
	};
	objectVersion = 50;
	objects = {

/* Begin PBXBuildFile section */
		6F544B4C27402E3700B0F372 /* TeamDetailViewController.swift in Sources */ = {isa = PBXBuildFile; fileRef = 6F544B4A27402E3700B0F372 /* TeamDetailViewController.swift */; };
		6F544B4D27402E3700B0F372 /* TeamDetailViewController.xib in Resources */ = {isa = PBXBuildFile; fileRef = 6F544B4B27402E3700B0F372 /* TeamDetailViewController.xib */; };
		6F85F203273F38EE00B14D3E /* ChampionViewController.swift in Sources */ = {isa = PBXBuildFile; fileRef = 6F85F201273F38EE00B14D3E /* ChampionViewController.swift */; };
		6F85F204273F38EE00B14D3E /* ChampionViewController.xib in Resources */ = {isa = PBXBuildFile; fileRef = 6F85F202273F38EE00B14D3E /* ChampionViewController.xib */; };
		6FCEFA87273DC21900BB2C70 /* AppDelegate.swift in Sources */ = {isa = PBXBuildFile; fileRef = 6FCEFA86273DC21900BB2C70 /* AppDelegate.swift */; };
		6FCEFA89273DC21900BB2C70 /* SceneDelegate.swift in Sources */ = {isa = PBXBuildFile; fileRef = 6FCEFA88273DC21900BB2C70 /* SceneDelegate.swift */; };
		6FCEFA8B273DC21900BB2C70 /* ViewController.swift in Sources */ = {isa = PBXBuildFile; fileRef = 6FCEFA8A273DC21900BB2C70 /* ViewController.swift */; };
		6FCEFA8E273DC21900BB2C70 /* Main.storyboard in Resources */ = {isa = PBXBuildFile; fileRef = 6FCEFA8C273DC21900BB2C70 /* Main.storyboard */; };
		6FCEFA90273DC21A00BB2C70 /* Assets.xcassets in Resources */ = {isa = PBXBuildFile; fileRef = 6FCEFA8F273DC21A00BB2C70 /* Assets.xcassets */; };
		6FCEFA93273DC21A00BB2C70 /* LaunchScreen.storyboard in Resources */ = {isa = PBXBuildFile; fileRef = 6FCEFA91273DC21A00BB2C70 /* LaunchScreen.storyboard */; };
		6FCEFA9C273DC5CC00BB2C70 /* TeamListViewController.swift in Sources */ = {isa = PBXBuildFile; fileRef = 6FCEFA9A273DC5CC00BB2C70 /* TeamListViewController.swift */; };
		6FCEFA9D273DC5CC00BB2C70 /* TeamListViewController.xib in Resources */ = {isa = PBXBuildFile; fileRef = 6FCEFA9B273DC5CC00BB2C70 /* TeamListViewController.xib */; };
		6FCEFAA0273DC65500BB2C70 /* TeamTableViewCell.swift in Sources */ = {isa = PBXBuildFile; fileRef = 6FCEFA9E273DC65500BB2C70 /* TeamTableViewCell.swift */; };
		6FCEFAA1273DC65500BB2C70 /* TeamTableViewCell.xib in Resources */ = {isa = PBXBuildFile; fileRef = 6FCEFA9F273DC65500BB2C70 /* TeamTableViewCell.xib */; };
		6FCEFAA4273DC97100BB2C70 /* Team.swift in Sources */ = {isa = PBXBuildFile; fileRef = 6FCEFAA3273DC97100BB2C70 /* Team.swift */; };
/* End PBXBuildFile section */

/* Begin PBXFileReference section */
		6F544B4A27402E3700B0F372 /* TeamDetailViewController.swift */ = {isa = PBXFileReference; lastKnownFileType = sourcecode.swift; path = TeamDetailViewController.swift; sourceTree = "<group>"; };
		6F544B4B27402E3700B0F372 /* TeamDetailViewController.xib */ = {isa = PBXFileReference; lastKnownFileType = file.xib; path = TeamDetailViewController.xib; sourceTree = "<group>"; };
		6F85F201273F38EE00B14D3E /* ChampionViewController.swift */ = {isa = PBXFileReference; lastKnownFileType = sourcecode.swift; path = ChampionViewController.swift; sourceTree = "<group>"; };
		6F85F202273F38EE00B14D3E /* ChampionViewController.xib */ = {isa = PBXFileReference; lastKnownFileType = file.xib; path = ChampionViewController.xib; sourceTree = "<group>"; };
		6FCEFA83273DC21900BB2C70 /* Brasileirao Resolucao.app */ = {isa = PBXFileReference; explicitFileType = wrapper.application; includeInIndex = 0; path = "Brasileirao Resolucao.app"; sourceTree = BUILT_PRODUCTS_DIR; };
		6FCEFA86273DC21900BB2C70 /* AppDelegate.swift */ = {isa = PBXFileReference; lastKnownFileType = sourcecode.swift; path = AppDelegate.swift; sourceTree = "<group>"; };
		6FCEFA88273DC21900BB2C70 /* SceneDelegate.swift */ = {isa = PBXFileReference; lastKnownFileType = sourcecode.swift; path = SceneDelegate.swift; sourceTree = "<group>"; };
		6FCEFA8A273DC21900BB2C70 /* ViewController.swift */ = {isa = PBXFileReference; lastKnownFileType = sourcecode.swift; path = ViewController.swift; sourceTree = "<group>"; };
		6FCEFA8D273DC21900BB2C70 /* Base */ = {isa = PBXFileReference; lastKnownFileType = file.storyboard; name = Base; path = Base.lproj/Main.storyboard; sourceTree = "<group>"; };
		6FCEFA8F273DC21A00BB2C70 /* Assets.xcassets */ = {isa = PBXFileReference; lastKnownFileType = folder.assetcatalog; path = Assets.xcassets; sourceTree = "<group>"; };
		6FCEFA92273DC21A00BB2C70 /* Base */ = {isa = PBXFileReference; lastKnownFileType = file.storyboard; name = Base; path = Base.lproj/LaunchScreen.storyboard; sourceTree = "<group>"; };
		6FCEFA94273DC21A00BB2C70 /* Info.plist */ = {isa = PBXFileReference; lastKnownFileType = text.plist.xml; path = Info.plist; sourceTree = "<group>"; };
		6FCEFA9A273DC5CC00BB2C70 /* TeamListViewController.swift */ = {isa = PBXFileReference; lastKnownFileType = sourcecode.swift; path = TeamListViewController.swift; sourceTree = "<group>"; };
		6FCEFA9B273DC5CC00BB2C70 /* TeamListViewController.xib */ = {isa = PBXFileReference; lastKnownFileType = file.xib; path = TeamListViewController.xib; sourceTree = "<group>"; };
		6FCEFA9E273DC65500BB2C70 /* TeamTableViewCell.swift */ = {isa = PBXFileReference; lastKnownFileType = sourcecode.swift; path = TeamTableViewCell.swift; sourceTree = "<group>"; };
		6FCEFA9F273DC65500BB2C70 /* TeamTableViewCell.xib */ = {isa = PBXFileReference; lastKnownFileType = file.xib; path = TeamTableViewCell.xib; sourceTree = "<group>"; };
		6FCEFAA3273DC97100BB2C70 /* Team.swift */ = {isa = PBXFileReference; lastKnownFileType = sourcecode.swift; path = Team.swift; sourceTree = "<group>"; };
/* End PBXFileReference section */

/* Begin PBXFrameworksBuildPhase section */
		6FCEFA80273DC21900BB2C70 /* Frameworks */ = {
			isa = PBXFrameworksBuildPhase;
			buildActionMask = 2147483647;
			files = (
			);
			runOnlyForDeploymentPostprocessing = 0;
		};
/* End PBXFrameworksBuildPhase section */

/* Begin PBXGroup section */
		6F544B4E27402E5200B0F372 /* TeamDetail */ = {
			isa = PBXGroup;
			children = (
				6F544B4A27402E3700B0F372 /* TeamDetailViewController.swift */,
				6F544B4B27402E3700B0F372 /* TeamDetailViewController.xib */,
			);
			path = TeamDetail;
			sourceTree = "<group>";
		};
		6F85F205273F391400B14D3E /* Champion */ = {
			isa = PBXGroup;
			children = (
				6F85F201273F38EE00B14D3E /* ChampionViewController.swift */,
				6F85F202273F38EE00B14D3E /* ChampionViewController.xib */,
			);
			path = Champion;
			sourceTree = "<group>";
		};
		6FCEFA7A273DC21900BB2C70 = {
			isa = PBXGroup;
			children = (
				6FCEFA85273DC21900BB2C70 /* Brasileirao Resolucao */,
				6FCEFA84273DC21900BB2C70 /* Products */,
			);
			sourceTree = "<group>";
		};
		6FCEFA84273DC21900BB2C70 /* Products */ = {
			isa = PBXGroup;
			children = (
				6FCEFA83273DC21900BB2C70 /* Brasileirao Resolucao.app */,
			);
			name = Products;
			sourceTree = "<group>";
		};
		6FCEFA85273DC21900BB2C70 /* Brasileirao Resolucao */ = {
			isa = PBXGroup;
			children = (
				6FCEFA86273DC21900BB2C70 /* AppDelegate.swift */,
				6FCEFA88273DC21900BB2C70 /* SceneDelegate.swift */,
				6FCEFA8A273DC21900BB2C70 /* ViewController.swift */,
				6FCEFA8C273DC21900BB2C70 /* Main.storyboard */,
				6FCEFA8F273DC21A00BB2C70 /* Assets.xcassets */,
				6FCEFA91273DC21A00BB2C70 /* LaunchScreen.storyboard */,
				6FCEFA94273DC21A00BB2C70 /* Info.plist */,
				6F85F205273F391400B14D3E /* Champion */,
				6FCEFAA2273DC76F00BB2C70 /* TeamList */,
				6FCEFAA3273DC97100BB2C70 /* Team.swift */,
				6F544B4E27402E5200B0F372 /* TeamDetail */,
			);
			path = "Brasileirao Resolucao";
			sourceTree = "<group>";
		};
		6FCEFAA2273DC76F00BB2C70 /* TeamList */ = {
			isa = PBXGroup;
			children = (
				6FCEFA9A273DC5CC00BB2C70 /* TeamListViewController.swift */,
				6FCEFA9B273DC5CC00BB2C70 /* TeamListViewController.xib */,
				6FCEFA9E273DC65500BB2C70 /* TeamTableViewCell.swift */,
				6FCEFA9F273DC65500BB2C70 /* TeamTableViewCell.xib */,
			);
			path = TeamList;
			sourceTree = "<group>";
		};
/* End PBXGroup section */

/* Begin PBXNativeTarget section */
		6FCEFA82273DC21900BB2C70 /* Brasileirao Resolucao */ = {
			isa = PBXNativeTarget;
			buildConfigurationList = 6FCEFA97273DC21A00BB2C70 /* Build configuration list for PBXNativeTarget "Brasileirao Resolucao" */;
			buildPhases = (
				6FCEFA7F273DC21900BB2C70 /* Sources */,
				6FCEFA80273DC21900BB2C70 /* Frameworks */,
				6FCEFA81273DC21900BB2C70 /* Resources */,
			);
			buildRules = (
			);
			dependencies = (
			);
			name = "Brasileirao Resolucao";
			productName = "Brasileirao Resolucao";
			productReference = 6FCEFA83273DC21900BB2C70 /* Brasileirao Resolucao.app */;
			productType = "com.apple.product-type.application";
		};
/* End PBXNativeTarget section */

/* Begin PBXProject section */
		6FCEFA7B273DC21900BB2C70 /* Project object */ = {
			isa = PBXProject;
			attributes = {
				LastSwiftUpdateCheck = 1250;
				LastUpgradeCheck = 1250;
				TargetAttributes = {
					6FCEFA82273DC21900BB2C70 = {
						CreatedOnToolsVersion = 12.5.1;
					};
				};
			};
			buildConfigurationList = 6FCEFA7E273DC21900BB2C70 /* Build configuration list for PBXProject "Brasileirao Resolucao" */;
			compatibilityVersion = "Xcode 9.3";
			developmentRegion = en;
			hasScannedForEncodings = 0;
			knownRegions = (
				en,
				Base,
			);
			mainGroup = 6FCEFA7A273DC21900BB2C70;
			productRefGroup = 6FCEFA84273DC21900BB2C70 /* Products */;
			projectDirPath = "";
			projectRoot = "";
			targets = (
				6FCEFA82273DC21900BB2C70 /* Brasileirao Resolucao */,
			);
		};
/* End PBXProject section */

/* Begin PBXResourcesBuildPhase section */
		6FCEFA81273DC21900BB2C70 /* Resources */ = {
			isa = PBXResourcesBuildPhase;
			buildActionMask = 2147483647;
			files = (
				6FCEFA93273DC21A00BB2C70 /* LaunchScreen.storyboard in Resources */,
				6F85F204273F38EE00B14D3E /* ChampionViewController.xib in Resources */,
				6FCEFAA1273DC65500BB2C70 /* TeamTableViewCell.xib in Resources */,
				6FCEFA9D273DC5CC00BB2C70 /* TeamListViewController.xib in Resources */,
				6FCEFA90273DC21A00BB2C70 /* Assets.xcassets in Resources */,
				6FCEFA8E273DC21900BB2C70 /* Main.storyboard in Resources */,
				6F544B4D27402E3700B0F372 /* TeamDetailViewController.xib in Resources */,
			);
			runOnlyForDeploymentPostprocessing = 0;
		};
/* End PBXResourcesBuildPhase section */

/* Begin PBXSourcesBuildPhase section */
		6FCEFA7F273DC21900BB2C70 /* Sources */ = {
			isa = PBXSourcesBuildPhase;
			buildActionMask = 2147483647;
			files = (
				6F85F203273F38EE00B14D3E /* ChampionViewController.swift in Sources */,
				6FCEFAA4273DC97100BB2C70 /* Team.swift in Sources */,
				6F544B4C27402E3700B0F372 /* TeamDetailViewController.swift in Sources */,
				6FCEFA8B273DC21900BB2C70 /* ViewController.swift in Sources */,
				6FCEFAA0273DC65500BB2C70 /* TeamTableViewCell.swift in Sources */,
				6FCEFA9C273DC5CC00BB2C70 /* TeamListViewController.swift in Sources */,
				6FCEFA87273DC21900BB2C70 /* AppDelegate.swift in Sources */,
				6FCEFA89273DC21900BB2C70 /* SceneDelegate.swift in Sources */,
			);
			runOnlyForDeploymentPostprocessing = 0;
		};
/* End PBXSourcesBuildPhase section */

/* Begin PBXVariantGroup section */
		6FCEFA8C273DC21900BB2C70 /* Main.storyboard */ = {
			isa = PBXVariantGroup;
			children = (
				6FCEFA8D273DC21900BB2C70 /* Base */,
			);
			name = Main.storyboard;
			sourceTree = "<group>";
		};
		6FCEFA91273DC21A00BB2C70 /* LaunchScreen.storyboard */ = {
			isa = PBXVariantGroup;
			children = (
				6FCEFA92273DC21A00BB2C70 /* Base */,
			);
			name = LaunchScreen.storyboard;
			sourceTree = "<group>";
		};
/* End PBXVariantGroup section */

/* Begin XCBuildConfiguration section */
		6FCEFA95273DC21A00BB2C70 /* Debug */ = {
			isa = XCBuildConfiguration;
			buildSettings = {
				ALWAYS_SEARCH_USER_PATHS = NO;
				CLANG_ANALYZER_NONNULL = YES;
				CLANG_ANALYZER_NUMBER_OBJECT_CONVERSION = YES_AGGRESSIVE;
				CLANG_CXX_LANGUAGE_STANDARD = "gnu++14";
				CLANG_CXX_LIBRARY = "libc++";
				CLANG_ENABLE_MODULES = YES;
				CLANG_ENABLE_OBJC_ARC = YES;
				CLANG_ENABLE_OBJC_WEAK = YES;
				CLANG_WARN_BLOCK_CAPTURE_AUTORELEASING = YES;
				CLANG_WARN_BOOL_CONVERSION = YES;
				CLANG_WARN_COMMA = YES;
				CLANG_WARN_CONSTANT_CONVERSION = YES;
				CLANG_WARN_DEPRECATED_OBJC_IMPLEMENTATIONS = YES;
				CLANG_WARN_DIRECT_OBJC_ISA_USAGE = YES_ERROR;
				CLANG_WARN_DOCUMENTATION_COMMENTS = YES;
				CLANG_WARN_EMPTY_BODY = YES;
				CLANG_WARN_ENUM_CONVERSION = YES;
				CLANG_WARN_INFINITE_RECURSION = YES;
				CLANG_WARN_INT_CONVERSION = YES;
				CLANG_WARN_NON_LITERAL_NULL_CONVERSION = YES;
				CLANG_WARN_OBJC_IMPLICIT_RETAIN_SELF = YES;
				CLANG_WARN_OBJC_LITERAL_CONVERSION = YES;
				CLANG_WARN_OBJC_ROOT_CLASS = YES_ERROR;
				CLANG_WARN_QUOTED_INCLUDE_IN_FRAMEWORK_HEADER = YES;
				CLANG_WARN_RANGE_LOOP_ANALYSIS = YES;
				CLANG_WARN_STRICT_PROTOTYPES = YES;
				CLANG_WARN_SUSPICIOUS_MOVE = YES;
				CLANG_WARN_UNGUARDED_AVAILABILITY = YES_AGGRESSIVE;
				CLANG_WARN_UNREACHABLE_CODE = YES;
				CLANG_WARN__DUPLICATE_METHOD_MATCH = YES;
				COPY_PHASE_STRIP = NO;
				DEBUG_INFORMATION_FORMAT = dwarf;
				ENABLE_STRICT_OBJC_MSGSEND = YES;
				ENABLE_TESTABILITY = YES;
				GCC_C_LANGUAGE_STANDARD = gnu11;
				GCC_DYNAMIC_NO_PIC = NO;
				GCC_NO_COMMON_BLOCKS = YES;
				GCC_OPTIMIZATION_LEVEL = 0;
				GCC_PREPROCESSOR_DEFINITIONS = (
					"DEBUG=1",
					"$(inherited)",
				);
				GCC_WARN_64_TO_32_BIT_CONVERSION = YES;
				GCC_WARN_ABOUT_RETURN_TYPE = YES_ERROR;
				GCC_WARN_UNDECLARED_SELECTOR = YES;
				GCC_WARN_UNINITIALIZED_AUTOS = YES_AGGRESSIVE;
				GCC_WARN_UNUSED_FUNCTION = YES;
				GCC_WARN_UNUSED_VARIABLE = YES;
				IPHONEOS_DEPLOYMENT_TARGET = 14.5;
				MTL_ENABLE_DEBUG_INFO = INCLUDE_SOURCE;
				MTL_FAST_MATH = YES;
				ONLY_ACTIVE_ARCH = YES;
				SDKROOT = iphoneos;
				SWIFT_ACTIVE_COMPILATION_CONDITIONS = DEBUG;
				SWIFT_OPTIMIZATION_LEVEL = "-Onone";
			};
			name = Debug;
		};
		6FCEFA96273DC21A00BB2C70 /* Release */ = {
			isa = XCBuildConfiguration;
			buildSettings = {
				ALWAYS_SEARCH_USER_PATHS = NO;
				CLANG_ANALYZER_NONNULL = YES;
				CLANG_ANALYZER_NUMBER_OBJECT_CONVERSION = YES_AGGRESSIVE;
				CLANG_CXX_LANGUAGE_STANDARD = "gnu++14";
				CLANG_CXX_LIBRARY = "libc++";
				CLANG_ENABLE_MODULES = YES;
				CLANG_ENABLE_OBJC_ARC = YES;
				CLANG_ENABLE_OBJC_WEAK = YES;
				CLANG_WARN_BLOCK_CAPTURE_AUTORELEASING = YES;
				CLANG_WARN_BOOL_CONVERSION = YES;
				CLANG_WARN_COMMA = YES;
				CLANG_WARN_CONSTANT_CONVERSION = YES;
				CLANG_WARN_DEPRECATED_OBJC_IMPLEMENTATIONS = YES;
				CLANG_WARN_DIRECT_OBJC_ISA_USAGE = YES_ERROR;
				CLANG_WARN_DOCUMENTATION_COMMENTS = YES;
				CLANG_WARN_EMPTY_BODY = YES;
				CLANG_WARN_ENUM_CONVERSION = YES;
				CLANG_WARN_INFINITE_RECURSION = YES;
				CLANG_WARN_INT_CONVERSION = YES;
				CLANG_WARN_NON_LITERAL_NULL_CONVERSION = YES;
				CLANG_WARN_OBJC_IMPLICIT_RETAIN_SELF = YES;
				CLANG_WARN_OBJC_LITERAL_CONVERSION = YES;
				CLANG_WARN_OBJC_ROOT_CLASS = YES_ERROR;
				CLANG_WARN_QUOTED_INCLUDE_IN_FRAMEWORK_HEADER = YES;
				CLANG_WARN_RANGE_LOOP_ANALYSIS = YES;
				CLANG_WARN_STRICT_PROTOTYPES = YES;
				CLANG_WARN_SUSPICIOUS_MOVE = YES;
				CLANG_WARN_UNGUARDED_AVAILABILITY = YES_AGGRESSIVE;
				CLANG_WARN_UNREACHABLE_CODE = YES;
				CLANG_WARN__DUPLICATE_METHOD_MATCH = YES;
				COPY_PHASE_STRIP = NO;
				DEBUG_INFORMATION_FORMAT = "dwarf-with-dsym";
				ENABLE_NS_ASSERTIONS = NO;
				ENABLE_STRICT_OBJC_MSGSEND = YES;
				GCC_C_LANGUAGE_STANDARD = gnu11;
				GCC_NO_COMMON_BLOCKS = YES;
				GCC_WARN_64_TO_32_BIT_CONVERSION = YES;
				GCC_WARN_ABOUT_RETURN_TYPE = YES_ERROR;
				GCC_WARN_UNDECLARED_SELECTOR = YES;
				GCC_WARN_UNINITIALIZED_AUTOS = YES_AGGRESSIVE;
				GCC_WARN_UNUSED_FUNCTION = YES;
				GCC_WARN_UNUSED_VARIABLE = YES;
				IPHONEOS_DEPLOYMENT_TARGET = 14.5;
				MTL_ENABLE_DEBUG_INFO = NO;
				MTL_FAST_MATH = YES;
				SDKROOT = iphoneos;
				SWIFT_COMPILATION_MODE = wholemodule;
				SWIFT_OPTIMIZATION_LEVEL = "-O";
				VALIDATE_PRODUCT = YES;
			};
			name = Release;
		};
		6FCEFA98273DC21A00BB2C70 /* Debug */ = {
			isa = XCBuildConfiguration;
			buildSettings = {
				ASSETCATALOG_COMPILER_APPICON_NAME = AppIcon;
				ASSETCATALOG_COMPILER_GLOBAL_ACCENT_COLOR_NAME = AccentColor;
				CODE_SIGN_STYLE = Automatic;
				INFOPLIST_FILE = "Brasileirao Resolucao/Info.plist";
				LD_RUNPATH_SEARCH_PATHS = (
					"$(inherited)",
					"@executable_path/Frameworks",
				);
				PRODUCT_BUNDLE_IDENTIFIER = "erickmxav.Brasileirao-Resolucao";
				PRODUCT_NAME = "$(TARGET_NAME)";
				SWIFT_VERSION = 5.0;
				TARGETED_DEVICE_FAMILY = "1,2";
			};
			name = Debug;
		};
		6FCEFA99273DC21A00BB2C70 /* Release */ = {
			isa = XCBuildConfiguration;
			buildSettings = {
				ASSETCATALOG_COMPILER_APPICON_NAME = AppIcon;
				ASSETCATALOG_COMPILER_GLOBAL_ACCENT_COLOR_NAME = AccentColor;
				CODE_SIGN_STYLE = Automatic;
				INFOPLIST_FILE = "Brasileirao Resolucao/Info.plist";
				LD_RUNPATH_SEARCH_PATHS = (
					"$(inherited)",
					"@executable_path/Frameworks",
				);
				PRODUCT_BUNDLE_IDENTIFIER = "erickmxav.Brasileirao-Resolucao";
				PRODUCT_NAME = "$(TARGET_NAME)";
				SWIFT_VERSION = 5.0;
				TARGETED_DEVICE_FAMILY = "1,2";
			};
			name = Release;
		};
/* End XCBuildConfiguration section */

/* Begin XCConfigurationList section */
		6FCEFA7E273DC21900BB2C70 /* Build configuration list for PBXProject "Brasileirao Resolucao" */ = {
			isa = XCConfigurationList;
			buildConfigurations = (
				6FCEFA95273DC21A00BB2C70 /* Debug */,
				6FCEFA96273DC21A00BB2C70 /* Release */,
			);
			defaultConfigurationIsVisible = 0;
			defaultConfigurationName = Release;
		};
		6FCEFA97273DC21A00BB2C70 /* Build configuration list for PBXNativeTarget "Brasileirao Resolucao" */ = {
			isa = XCConfigurationList;
			buildConfigurations = (
				6FCEFA98273DC21A00BB2C70 /* Debug */,
				6FCEFA99273DC21A00BB2C70 /* Release */,
			);
			defaultConfigurationIsVisible = 0;
			defaultConfigurationName = Release;
		};
/* End XCConfigurationList section */
	};
	rootObject = 6FCEFA7B273DC21900BB2C70 /* Project object */;
}
